// !$*UTF8*$!
{
	archiveVersion = 1;
	classes = {
	};
	objectVersion = 55;
	objects = {

/* Begin PBXBuildFile section */
		F668F6882747A517004214E1 /* AppDelegate.swift in Sources */ = {isa = PBXBuildFile; fileRef = F668F6872747A517004214E1 /* AppDelegate.swift */; };
		F668F68A2747A517004214E1 /* SceneDelegate.swift in Sources */ = {isa = PBXBuildFile; fileRef = F668F6892747A517004214E1 /* SceneDelegate.swift */; };
		F668F68C2747A517004214E1 /* LoginViewController.swift in Sources */ = {isa = PBXBuildFile; fileRef = F668F68B2747A517004214E1 /* LoginViewController.swift */; };
		F668F68F2747A517004214E1 /* Main.storyboard in Resources */ = {isa = PBXBuildFile; fileRef = F668F68D2747A517004214E1 /* Main.storyboard */; };
		F668F6912747A51B004214E1 /* Assets.xcassets in Resources */ = {isa = PBXBuildFile; fileRef = F668F6902747A51B004214E1 /* Assets.xcassets */; };
		F668F6942747A51B004214E1 /* LaunchScreen.storyboard in Resources */ = {isa = PBXBuildFile; fileRef = F668F6922747A51B004214E1 /* LaunchScreen.storyboard */; };
		F668F69F2747A51B004214E1 /* RxSwift_DemoTests.swift in Sources */ = {isa = PBXBuildFile; fileRef = F668F69E2747A51B004214E1 /* RxSwift_DemoTests.swift */; };
		F668F6A92747A51B004214E1 /* RxSwift_DemoUITests.swift in Sources */ = {isa = PBXBuildFile; fileRef = F668F6A82747A51B004214E1 /* RxSwift_DemoUITests.swift */; };
		F668F6AB2747A51B004214E1 /* RxSwift_DemoUITestsLaunchTests.swift in Sources */ = {isa = PBXBuildFile; fileRef = F668F6AA2747A51B004214E1 /* RxSwift_DemoUITestsLaunchTests.swift */; };
		F6F783E02749FAEC00420F2C /* RxCocoa in Frameworks */ = {isa = PBXBuildFile; productRef = F6F783DF2749FAEC00420F2C /* RxCocoa */; };
		F6F783E22749FAEC00420F2C /* RxSwift in Frameworks */ = {isa = PBXBuildFile; productRef = F6F783E12749FAEC00420F2C /* RxSwift */; };
/* End PBXBuildFile section */

/* Begin PBXContainerItemProxy section */
		F668F69B2747A51B004214E1 /* PBXContainerItemProxy */ = {
			isa = PBXContainerItemProxy;
			containerPortal = F668F67C2747A516004214E1 /* Project object */;
			proxyType = 1;
			remoteGlobalIDString = F668F6832747A516004214E1;
			remoteInfo = "RxSwift Demo";
		};
		F668F6A52747A51B004214E1 /* PBXContainerItemProxy */ = {
			isa = PBXContainerItemProxy;
			containerPortal = F668F67C2747A516004214E1 /* Project object */;
			proxyType = 1;
			remoteGlobalIDString = F668F6832747A516004214E1;
			remoteInfo = "RxSwift Demo";
		};
/* End PBXContainerItemProxy section */

/* Begin PBXFileReference section */
		F668F6842747A517004214E1 /* RxSwift Demo.app */ = {isa = PBXFileReference; explicitFileType = wrapper.application; includeInIndex = 0; path = "RxSwift Demo.app"; sourceTree = BUILT_PRODUCTS_DIR; };
		F668F6872747A517004214E1 /* AppDelegate.swift */ = {isa = PBXFileReference; lastKnownFileType = sourcecode.swift; path = AppDelegate.swift; sourceTree = "<group>"; };
		F668F6892747A517004214E1 /* SceneDelegate.swift */ = {isa = PBXFileReference; lastKnownFileType = sourcecode.swift; path = SceneDelegate.swift; sourceTree = "<group>"; };
		F668F68B2747A517004214E1 /* LoginViewController.swift */ = {isa = PBXFileReference; lastKnownFileType = sourcecode.swift; path = LoginViewController.swift; sourceTree = "<group>"; };
		F668F68E2747A517004214E1 /* Base */ = {isa = PBXFileReference; lastKnownFileType = file.storyboard; name = Base; path = Base.lproj/Main.storyboard; sourceTree = "<group>"; };
		F668F6902747A51B004214E1 /* Assets.xcassets */ = {isa = PBXFileReference; lastKnownFileType = folder.assetcatalog; path = Assets.xcassets; sourceTree = "<group>"; };
		F668F6932747A51B004214E1 /* Base */ = {isa = PBXFileReference; lastKnownFileType = file.storyboard; name = Base; path = Base.lproj/LaunchScreen.storyboard; sourceTree = "<group>"; };
		F668F6952747A51B004214E1 /* Info.plist */ = {isa = PBXFileReference; lastKnownFileType = text.plist.xml; path = Info.plist; sourceTree = "<group>"; };
		F668F69A2747A51B004214E1 /* RxSwift DemoTests.xctest */ = {isa = PBXFileReference; explicitFileType = wrapper.cfbundle; includeInIndex = 0; path = "RxSwift DemoTests.xctest"; sourceTree = BUILT_PRODUCTS_DIR; };
		F668F69E2747A51B004214E1 /* RxSwift_DemoTests.swift */ = {isa = PBXFileReference; lastKnownFileType = sourcecode.swift; path = RxSwift_DemoTests.swift; sourceTree = "<group>"; };
		F668F6A42747A51B004214E1 /* RxSwift DemoUITests.xctest */ = {isa = PBXFileReference; explicitFileType = wrapper.cfbundle; includeInIndex = 0; path = "RxSwift DemoUITests.xctest"; sourceTree = BUILT_PRODUCTS_DIR; };
		F668F6A82747A51B004214E1 /* RxSwift_DemoUITests.swift */ = {isa = PBXFileReference; lastKnownFileType = sourcecode.swift; path = RxSwift_DemoUITests.swift; sourceTree = "<group>"; };
		F668F6AA2747A51B004214E1 /* RxSwift_DemoUITestsLaunchTests.swift */ = {isa = PBXFileReference; lastKnownFileType = sourcecode.swift; path = RxSwift_DemoUITestsLaunchTests.swift; sourceTree = "<group>"; };
/* End PBXFileReference section */

/* Begin PBXFrameworksBuildPhase section */
		F668F6812747A516004214E1 /* Frameworks */ = {
			isa = PBXFrameworksBuildPhase;
			buildActionMask = 2147483647;
			files = (
				F6F783E22749FAEC00420F2C /* RxSwift in Frameworks */,
				F6F783E02749FAEC00420F2C /* RxCocoa in Frameworks */,
			);
			runOnlyForDeploymentPostprocessing = 0;
		};
		F668F6972747A51B004214E1 /* Frameworks */ = {
			isa = PBXFrameworksBuildPhase;
			buildActionMask = 2147483647;
			files = (
			);
			runOnlyForDeploymentPostprocessing = 0;
		};
		F668F6A12747A51B004214E1 /* Frameworks */ = {
			isa = PBXFrameworksBuildPhase;
			buildActionMask = 2147483647;
			files = (
			);
			runOnlyForDeploymentPostprocessing = 0;
		};
/* End PBXFrameworksBuildPhase section */

/* Begin PBXGroup section */
		F668F67B2747A516004214E1 = {
			isa = PBXGroup;
			children = (
				F668F6862747A517004214E1 /* RxSwift Demo */,
				F668F69D2747A51B004214E1 /* RxSwift DemoTests */,
				F668F6A72747A51B004214E1 /* RxSwift DemoUITests */,
				F668F6852747A517004214E1 /* Products */,
			);
			sourceTree = "<group>";
		};
		F668F6852747A517004214E1 /* Products */ = {
			isa = PBXGroup;
			children = (
				F668F6842747A517004214E1 /* RxSwift Demo.app */,
				F668F69A2747A51B004214E1 /* RxSwift DemoTests.xctest */,
				F668F6A42747A51B004214E1 /* RxSwift DemoUITests.xctest */,
			);
			name = Products;
			sourceTree = "<group>";
		};
		F668F6862747A517004214E1 /* RxSwift Demo */ = {
			isa = PBXGroup;
			children = (
				F668F6872747A517004214E1 /* AppDelegate.swift */,
				F668F6892747A517004214E1 /* SceneDelegate.swift */,
				F668F68B2747A517004214E1 /* LoginViewController.swift */,
				F668F68D2747A517004214E1 /* Main.storyboard */,
				F668F6902747A51B004214E1 /* Assets.xcassets */,
				F668F6922747A51B004214E1 /* LaunchScreen.storyboard */,
				F668F6952747A51B004214E1 /* Info.plist */,
			);
			path = "RxSwift Demo";
			sourceTree = "<group>";
		};
		F668F69D2747A51B004214E1 /* RxSwift DemoTests */ = {
			isa = PBXGroup;
			children = (
				F668F69E2747A51B004214E1 /* RxSwift_DemoTests.swift */,
			);
			path = "RxSwift DemoTests";
			sourceTree = "<group>";
		};
		F668F6A72747A51B004214E1 /* RxSwift DemoUITests */ = {
			isa = PBXGroup;
			children = (
				F668F6A82747A51B004214E1 /* RxSwift_DemoUITests.swift */,
				F668F6AA2747A51B004214E1 /* RxSwift_DemoUITestsLaunchTests.swift */,
			);
			path = "RxSwift DemoUITests";
			sourceTree = "<group>";
		};
/* End PBXGroup section */

/* Begin PBXNativeTarget section */
		F668F6832747A516004214E1 /* RxSwift Demo */ = {
			isa = PBXNativeTarget;
			buildConfigurationList = F668F6AE2747A51B004214E1 /* Build configuration list for PBXNativeTarget "RxSwift Demo" */;
			buildPhases = (
				F668F6802747A516004214E1 /* Sources */,
				F668F6812747A516004214E1 /* Frameworks */,
				F668F6822747A516004214E1 /* Resources */,
			);
			buildRules = (
			);
			dependencies = (
			);
			name = "RxSwift Demo";
			packageProductDependencies = (
				F6F783DF2749FAEC00420F2C /* RxCocoa */,
				F6F783E12749FAEC00420F2C /* RxSwift */,
			);
			productName = "RxSwift Demo";
			productReference = F668F6842747A517004214E1 /* RxSwift Demo.app */;
			productType = "com.apple.product-type.application";
		};
		F668F6992747A51B004214E1 /* RxSwift DemoTests */ = {
			isa = PBXNativeTarget;
			buildConfigurationList = F668F6B12747A51B004214E1 /* Build configuration list for PBXNativeTarget "RxSwift DemoTests" */;
			buildPhases = (
				F668F6962747A51B004214E1 /* Sources */,
				F668F6972747A51B004214E1 /* Frameworks */,
				F668F6982747A51B004214E1 /* Resources */,
			);
			buildRules = (
			);
			dependencies = (
				F668F69C2747A51B004214E1 /* PBXTargetDependency */,
			);
			name = "RxSwift DemoTests";
			productName = "RxSwift DemoTests";
			productReference = F668F69A2747A51B004214E1 /* RxSwift DemoTests.xctest */;
			productType = "com.apple.product-type.bundle.unit-test";
		};
		F668F6A32747A51B004214E1 /* RxSwift DemoUITests */ = {
			isa = PBXNativeTarget;
			buildConfigurationList = F668F6B42747A51B004214E1 /* Build configuration list for PBXNativeTarget "RxSwift DemoUITests" */;
			buildPhases = (
				F668F6A02747A51B004214E1 /* Sources */,
				F668F6A12747A51B004214E1 /* Frameworks */,
				F668F6A22747A51B004214E1 /* Resources */,
			);
			buildRules = (
			);
			dependencies = (
				F668F6A62747A51B004214E1 /* PBXTargetDependency */,
			);
			name = "RxSwift DemoUITests";
			productName = "RxSwift DemoUITests";
			productReference = F668F6A42747A51B004214E1 /* RxSwift DemoUITests.xctest */;
			productType = "com.apple.product-type.bundle.ui-testing";
		};
/* End PBXNativeTarget section */

/* Begin PBXProject section */
		F668F67C2747A516004214E1 /* Project object */ = {
			isa = PBXProject;
			attributes = {
				BuildIndependentTargetsInParallel = 1;
				LastSwiftUpdateCheck = 1310;
				LastUpgradeCheck = 1310;
				TargetAttributes = {
					F668F6832747A516004214E1 = {
						CreatedOnToolsVersion = 13.1;
					};
					F668F6992747A51B004214E1 = {
						CreatedOnToolsVersion = 13.1;
						TestTargetID = F668F6832747A516004214E1;
					};
					F668F6A32747A51B004214E1 = {
						CreatedOnToolsVersion = 13.1;
						TestTargetID = F668F6832747A516004214E1;
					};
				};
			};
			buildConfigurationList = F668F67F2747A516004214E1 /* Build configuration list for PBXProject "RxSwift Demo" */;
			compatibilityVersion = "Xcode 13.0";
			developmentRegion = en;
			hasScannedForEncodings = 0;
			knownRegions = (
				en,
				Base,
			);
			mainGroup = F668F67B2747A516004214E1;
			packageReferences = (
				F6F783DE2749FAEC00420F2C /* XCRemoteSwiftPackageReference "RxSwift" */,
			);
			productRefGroup = F668F6852747A517004214E1 /* Products */;
			projectDirPath = "";
			projectRoot = "";
			targets = (
				F668F6832747A516004214E1 /* RxSwift Demo */,
				F668F6992747A51B004214E1 /* RxSwift DemoTests */,
				F668F6A32747A51B004214E1 /* RxSwift DemoUITests */,
			);
		};
/* End PBXProject section */

/* Begin PBXResourcesBuildPhase section */
		F668F6822747A516004214E1 /* Resources */ = {
			isa = PBXResourcesBuildPhase;
			buildActionMask = 2147483647;
			files = (
				F668F6942747A51B004214E1 /* LaunchScreen.storyboard in Resources */,
				F668F6912747A51B004214E1 /* Assets.xcassets in Resources */,
				F668F68F2747A517004214E1 /* Main.storyboard in Resources */,
			);
			runOnlyForDeploymentPostprocessing = 0;
		};
		F668F6982747A51B004214E1 /* Resources */ = {
			isa = PBXResourcesBuildPhase;
			buildActionMask = 2147483647;
			files = (
			);
			runOnlyForDeploymentPostprocessing = 0;
		};
		F668F6A22747A51B004214E1 /* Resources */ = {
			isa = PBXResourcesBuildPhase;
			buildActionMask = 2147483647;
			files = (
			);
			runOnlyForDeploymentPostprocessing = 0;
		};
/* End PBXResourcesBuildPhase section */

/* Begin PBXSourcesBuildPhase section */
		F668F6802747A516004214E1 /* Sources */ = {
			isa = PBXSourcesBuildPhase;
			buildActionMask = 2147483647;
			files = (
				F668F68C2747A517004214E1 /* LoginViewController.swift in Sources */,
				F668F6882747A517004214E1 /* AppDelegate.swift in Sources */,
				F668F68A2747A517004214E1 /* SceneDelegate.swift in Sources */,
			);
			runOnlyForDeploymentPostprocessing = 0;
		};
		F668F6962747A51B004214E1 /* Sources */ = {
			isa = PBXSourcesBuildPhase;
			buildActionMask = 2147483647;
			files = (
				F668F69F2747A51B004214E1 /* RxSwift_DemoTests.swift in Sources */,
			);
			runOnlyForDeploymentPostprocessing = 0;
		};
		F668F6A02747A51B004214E1 /* Sources */ = {
			isa = PBXSourcesBuildPhase;
			buildActionMask = 2147483647;
			files = (
				F668F6A92747A51B004214E1 /* RxSwift_DemoUITests.swift in Sources */,
				F668F6AB2747A51B004214E1 /* RxSwift_DemoUITestsLaunchTests.swift in Sources */,
			);
			runOnlyForDeploymentPostprocessing = 0;
		};
/* End PBXSourcesBuildPhase section */

/* Begin PBXTargetDependency section */
		F668F69C2747A51B004214E1 /* PBXTargetDependency */ = {
			isa = PBXTargetDependency;
			target = F668F6832747A516004214E1 /* RxSwift Demo */;
			targetProxy = F668F69B2747A51B004214E1 /* PBXContainerItemProxy */;
		};
		F668F6A62747A51B004214E1 /* PBXTargetDependency */ = {
			isa = PBXTargetDependency;
			target = F668F6832747A516004214E1 /* RxSwift Demo */;
			targetProxy = F668F6A52747A51B004214E1 /* PBXContainerItemProxy */;
		};
/* End PBXTargetDependency section */

/* Begin PBXVariantGroup section */
		F668F68D2747A517004214E1 /* Main.storyboard */ = {
			isa = PBXVariantGroup;
			children = (
				F668F68E2747A517004214E1 /* Base */,
			);
			name = Main.storyboard;
			sourceTree = "<group>";
		};
		F668F6922747A51B004214E1 /* LaunchScreen.storyboard */ = {
			isa = PBXVariantGroup;
			children = (
				F668F6932747A51B004214E1 /* Base */,
			);
			name = LaunchScreen.storyboard;
			sourceTree = "<group>";
		};
/* End PBXVariantGroup section */

/* Begin XCBuildConfiguration section */
		F668F6AC2747A51B004214E1 /* Debug */ = {
			isa = XCBuildConfiguration;
			buildSettings = {
				ALWAYS_SEARCH_USER_PATHS = NO;
				CLANG_ANALYZER_NONNULL = YES;
				CLANG_ANALYZER_NUMBER_OBJECT_CONVERSION = YES_AGGRESSIVE;
				CLANG_CXX_LANGUAGE_STANDARD = "gnu++17";
				CLANG_CXX_LIBRARY = "libc++";
				CLANG_ENABLE_MODULES = YES;
				CLANG_ENABLE_OBJC_ARC = YES;
				CLANG_ENABLE_OBJC_WEAK = YES;
				CLANG_WARN_BLOCK_CAPTURE_AUTORELEASING = YES;
				CLANG_WARN_BOOL_CONVERSION = YES;
				CLANG_WARN_COMMA = YES;
				CLANG_WARN_CONSTANT_CONVERSION = YES;
				CLANG_WARN_DEPRECATED_OBJC_IMPLEMENTATIONS = YES;
				CLANG_WARN_DIRECT_OBJC_ISA_USAGE = YES_ERROR;
				CLANG_WARN_DOCUMENTATION_COMMENTS = YES;
				CLANG_WARN_EMPTY_BODY = YES;
				CLANG_WARN_ENUM_CONVERSION = YES;
				CLANG_WARN_INFINITE_RECURSION = YES;
				CLANG_WARN_INT_CONVERSION = YES;
				CLANG_WARN_NON_LITERAL_NULL_CONVERSION = YES;
				CLANG_WARN_OBJC_IMPLICIT_RETAIN_SELF = YES;
				CLANG_WARN_OBJC_LITERAL_CONVERSION = YES;
				CLANG_WARN_OBJC_ROOT_CLASS = YES_ERROR;
				CLANG_WARN_QUOTED_INCLUDE_IN_FRAMEWORK_HEADER = YES;
				CLANG_WARN_RANGE_LOOP_ANALYSIS = YES;
				CLANG_WARN_STRICT_PROTOTYPES = YES;
				CLANG_WARN_SUSPICIOUS_MOVE = YES;
				CLANG_WARN_UNGUARDED_AVAILABILITY = YES_AGGRESSIVE;
				CLANG_WARN_UNREACHABLE_CODE = YES;
				CLANG_WARN__DUPLICATE_METHOD_MATCH = YES;
				COPY_PHASE_STRIP = NO;
				DEBUG_INFORMATION_FORMAT = dwarf;
				ENABLE_STRICT_OBJC_MSGSEND = YES;
				ENABLE_TESTABILITY = YES;
				GCC_C_LANGUAGE_STANDARD = gnu11;
				GCC_DYNAMIC_NO_PIC = NO;
				GCC_NO_COMMON_BLOCKS = YES;
				GCC_OPTIMIZATION_LEVEL = 0;
				GCC_PREPROCESSOR_DEFINITIONS = (
					"DEBUG=1",
					"$(inherited)",
				);
				GCC_WARN_64_TO_32_BIT_CONVERSION = YES;
				GCC_WARN_ABOUT_RETURN_TYPE = YES_ERROR;
				GCC_WARN_UNDECLARED_SELECTOR = YES;
				GCC_WARN_UNINITIALIZED_AUTOS = YES_AGGRESSIVE;
				GCC_WARN_UNUSED_FUNCTION = YES;
				GCC_WARN_UNUSED_VARIABLE = YES;
				IPHONEOS_DEPLOYMENT_TARGET = 15.0;
				MTL_ENABLE_DEBUG_INFO = INCLUDE_SOURCE;
				MTL_FAST_MATH = YES;
				ONLY_ACTIVE_ARCH = YES;
				SDKROOT = iphoneos;
				SWIFT_ACTIVE_COMPILATION_CONDITIONS = DEBUG;
				SWIFT_OPTIMIZATION_LEVEL = "-Onone";
			};
			name = Debug;
		};
		F668F6AD2747A51B004214E1 /* Release */ = {
			isa = XCBuildConfiguration;
			buildSettings = {
				ALWAYS_SEARCH_USER_PATHS = NO;
				CLANG_ANALYZER_NONNULL = YES;
				CLANG_ANALYZER_NUMBER_OBJECT_CONVERSION = YES_AGGRESSIVE;
				CLANG_CXX_LANGUAGE_STANDARD = "gnu++17";
				CLANG_CXX_LIBRARY = "libc++";
				CLANG_ENABLE_MODULES = YES;
				CLANG_ENABLE_OBJC_ARC = YES;
				CLANG_ENABLE_OBJC_WEAK = YES;
				CLANG_WARN_BLOCK_CAPTURE_AUTORELEASING = YES;
				CLANG_WARN_BOOL_CONVERSION = YES;
				CLANG_WARN_COMMA = YES;
				CLANG_WARN_CONSTANT_CONVERSION = YES;
				CLANG_WARN_DEPRECATED_OBJC_IMPLEMENTATIONS = YES;
				CLANG_WARN_DIRECT_OBJC_ISA_USAGE = YES_ERROR;
				CLANG_WARN_DOCUMENTATION_COMMENTS = YES;
				CLANG_WARN_EMPTY_BODY = YES;
				CLANG_WARN_ENUM_CONVERSION = YES;
				CLANG_WARN_INFINITE_RECURSION = YES;
				CLANG_WARN_INT_CONVERSION = YES;
				CLANG_WARN_NON_LITERAL_NULL_CONVERSION = YES;
				CLANG_WARN_OBJC_IMPLICIT_RETAIN_SELF = YES;
				CLANG_WARN_OBJC_LITERAL_CONVERSION = YES;
				CLANG_WARN_OBJC_ROOT_CLASS = YES_ERROR;
				CLANG_WARN_QUOTED_INCLUDE_IN_FRAMEWORK_HEADER = YES;
				CLANG_WARN_RANGE_LOOP_ANALYSIS = YES;
				CLANG_WARN_STRICT_PROTOTYPES = YES;
				CLANG_WARN_SUSPICIOUS_MOVE = YES;
				CLANG_WARN_UNGUARDED_AVAILABILITY = YES_AGGRESSIVE;
				CLANG_WARN_UNREACHABLE_CODE = YES;
				CLANG_WARN__DUPLICATE_METHOD_MATCH = YES;
				COPY_PHASE_STRIP = NO;
				DEBUG_INFORMATION_FORMAT = "dwarf-with-dsym";
				ENABLE_NS_ASSERTIONS = NO;
				ENABLE_STRICT_OBJC_MSGSEND = YES;
				GCC_C_LANGUAGE_STANDARD = gnu11;
				GCC_NO_COMMON_BLOCKS = YES;
				GCC_WARN_64_TO_32_BIT_CONVERSION = YES;
				GCC_WARN_ABOUT_RETURN_TYPE = YES_ERROR;
				GCC_WARN_UNDECLARED_SELECTOR = YES;
				GCC_WARN_UNINITIALIZED_AUTOS = YES_AGGRESSIVE;
				GCC_WARN_UNUSED_FUNCTION = YES;
				GCC_WARN_UNUSED_VARIABLE = YES;
				IPHONEOS_DEPLOYMENT_TARGET = 15.0;
				MTL_ENABLE_DEBUG_INFO = NO;
				MTL_FAST_MATH = YES;
				SDKROOT = iphoneos;
				SWIFT_COMPILATION_MODE = wholemodule;
				SWIFT_OPTIMIZATION_LEVEL = "-O";
				VALIDATE_PRODUCT = YES;
			};
			name = Release;
		};
		F668F6AF2747A51B004214E1 /* Debug */ = {
			isa = XCBuildConfiguration;
			buildSettings = {
				ASSETCATALOG_COMPILER_APPICON_NAME = AppIcon;
				ASSETCATALOG_COMPILER_GLOBAL_ACCENT_COLOR_NAME = AccentColor;
				CODE_SIGN_STYLE = Automatic;
				CURRENT_PROJECT_VERSION = 1;
				DEVELOPMENT_TEAM = 9KMT2XHYS7;
				GENERATE_INFOPLIST_FILE = YES;
				INFOPLIST_FILE = "RxSwift Demo/Info.plist";
				INFOPLIST_KEY_UIApplicationSupportsIndirectInputEvents = YES;
				INFOPLIST_KEY_UILaunchStoryboardName = LaunchScreen;
				INFOPLIST_KEY_UIMainStoryboardFile = Main;
				INFOPLIST_KEY_UISupportedInterfaceOrientations_iPad = "UIInterfaceOrientationPortrait UIInterfaceOrientationPortraitUpsideDown UIInterfaceOrientationLandscapeLeft UIInterfaceOrientationLandscapeRight";
				INFOPLIST_KEY_UISupportedInterfaceOrientations_iPhone = "UIInterfaceOrientationPortrait UIInterfaceOrientationLandscapeLeft UIInterfaceOrientationLandscapeRight";
				LD_RUNPATH_SEARCH_PATHS = (
					"$(inherited)",
					"@executable_path/Frameworks",
				);
				MARKETING_VERSION = 1.0;
				PRODUCT_BUNDLE_IDENTIFIER = "com.dispy.RxSwift-Demo";
				PRODUCT_NAME = "$(TARGET_NAME)";
				SWIFT_EMIT_LOC_STRINGS = YES;
				SWIFT_VERSION = 5.0;
				TARGETED_DEVICE_FAMILY = "1,2";
			};
			name = Debug;
		};
		F668F6B02747A51B004214E1 /* Release */ = {
			isa = XCBuildConfiguration;
			buildSettings = {
				ASSETCATALOG_COMPILER_APPICON_NAME = AppIcon;
				ASSETCATALOG_COMPILER_GLOBAL_ACCENT_COLOR_NAME = AccentColor;
				CODE_SIGN_STYLE = Automatic;
				CURRENT_PROJECT_VERSION = 1;
				DEVELOPMENT_TEAM = 9KMT2XHYS7;
				GENERATE_INFOPLIST_FILE = YES;
				INFOPLIST_FILE = "RxSwift Demo/Info.plist";
				INFOPLIST_KEY_UIApplicationSupportsIndirectInputEvents = YES;
				INFOPLIST_KEY_UILaunchStoryboardName = LaunchScreen;
				INFOPLIST_KEY_UIMainStoryboardFile = Main;
				INFOPLIST_KEY_UISupportedInterfaceOrientations_iPad = "UIInterfaceOrientationPortrait UIInterfaceOrientationPortraitUpsideDown UIInterfaceOrientationLandscapeLeft UIInterfaceOrientationLandscapeRight";
				INFOPLIST_KEY_UISupportedInterfaceOrientations_iPhone = "UIInterfaceOrientationPortrait UIInterfaceOrientationLandscapeLeft UIInterfaceOrientationLandscapeRight";
				LD_RUNPATH_SEARCH_PATHS = (
					"$(inherited)",
					"@executable_path/Frameworks",
				);
				MARKETING_VERSION = 1.0;
				PRODUCT_BUNDLE_IDENTIFIER = "com.dispy.RxSwift-Demo";
				PRODUCT_NAME = "$(TARGET_NAME)";
				SWIFT_EMIT_LOC_STRINGS = YES;
				SWIFT_VERSION = 5.0;
				TARGETED_DEVICE_FAMILY = "1,2";
			};
			name = Release;
		};
		F668F6B22747A51B004214E1 /* Debug */ = {
			isa = XCBuildConfiguration;
			buildSettings = {
				ALWAYS_EMBED_SWIFT_STANDARD_LIBRARIES = YES;
				BUNDLE_LOADER = "$(TEST_HOST)";
				CODE_SIGN_STYLE = Automatic;
				CURRENT_PROJECT_VERSION = 1;
				DEVELOPMENT_TEAM = 9KMT2XHYS7;
				GENERATE_INFOPLIST_FILE = YES;
				IPHONEOS_DEPLOYMENT_TARGET = 15.0;
				LD_RUNPATH_SEARCH_PATHS = (
					"$(inherited)",
					"@executable_path/Frameworks",
					"@loader_path/Frameworks",
				);
				MARKETING_VERSION = 1.0;
				PRODUCT_BUNDLE_IDENTIFIER = "com.dispy.RxSwift-DemoTests";
				PRODUCT_NAME = "$(TARGET_NAME)";
				SWIFT_EMIT_LOC_STRINGS = NO;
				SWIFT_VERSION = 5.0;
				TARGETED_DEVICE_FAMILY = "1,2";
				TEST_HOST = "$(BUILT_PRODUCTS_DIR)/RxSwift Demo.app/RxSwift Demo";
			};
			name = Debug;
		};
		F668F6B32747A51B004214E1 /* Release */ = {
			isa = XCBuildConfiguration;
			buildSettings = {
				ALWAYS_EMBED_SWIFT_STANDARD_LIBRARIES = YES;
				BUNDLE_LOADER = "$(TEST_HOST)";
				CODE_SIGN_STYLE = Automatic;
				CURRENT_PROJECT_VERSION = 1;
				DEVELOPMENT_TEAM = 9KMT2XHYS7;
				GENERATE_INFOPLIST_FILE = YES;
				IPHONEOS_DEPLOYMENT_TARGET = 15.0;
				LD_RUNPATH_SEARCH_PATHS = (
					"$(inherited)",
					"@executable_path/Frameworks",
					"@loader_path/Frameworks",
				);
				MARKETING_VERSION = 1.0;
				PRODUCT_BUNDLE_IDENTIFIER = "com.dispy.RxSwift-DemoTests";
				PRODUCT_NAME = "$(TARGET_NAME)";
				SWIFT_EMIT_LOC_STRINGS = NO;
				SWIFT_VERSION = 5.0;
				TARGETED_DEVICE_FAMILY = "1,2";
				TEST_HOST = "$(BUILT_PRODUCTS_DIR)/RxSwift Demo.app/RxSwift Demo";
			};
			name = Release;
		};
		F668F6B52747A51B004214E1 /* Debug */ = {
			isa = XCBuildConfiguration;
			buildSettings = {
				ALWAYS_EMBED_SWIFT_STANDARD_LIBRARIES = YES;
				CODE_SIGN_STYLE = Automatic;
				CURRENT_PROJECT_VERSION = 1;
				DEVELOPMENT_TEAM = 9KMT2XHYS7;
				GENERATE_INFOPLIST_FILE = YES;
				LD_RUNPATH_SEARCH_PATHS = (
					"$(inherited)",
					"@executable_path/Frameworks",
					"@loader_path/Frameworks",
				);
				MARKETING_VERSION = 1.0;
				PRODUCT_BUNDLE_IDENTIFIER = "com.dispy.RxSwift-DemoUITests";
				PRODUCT_NAME = "$(TARGET_NAME)";
				SWIFT_EMIT_LOC_STRINGS = NO;
				SWIFT_VERSION = 5.0;
				TARGETED_DEVICE_FAMILY = "1,2";
				TEST_TARGET_NAME = "RxSwift Demo";
			};
			name = Debug;
		};
		F668F6B62747A51B004214E1 /* Release */ = {
			isa = XCBuildConfiguration;
			buildSettings = {
				ALWAYS_EMBED_SWIFT_STANDARD_LIBRARIES = YES;
				CODE_SIGN_STYLE = Automatic;
				CURRENT_PROJECT_VERSION = 1;
				DEVELOPMENT_TEAM = 9KMT2XHYS7;
				GENERATE_INFOPLIST_FILE = YES;
				LD_RUNPATH_SEARCH_PATHS = (
					"$(inherited)",
					"@executable_path/Frameworks",
					"@loader_path/Frameworks",
				);
				MARKETING_VERSION = 1.0;
				PRODUCT_BUNDLE_IDENTIFIER = "com.dispy.RxSwift-DemoUITests";
				PRODUCT_NAME = "$(TARGET_NAME)";
				SWIFT_EMIT_LOC_STRINGS = NO;
				SWIFT_VERSION = 5.0;
				TARGETED_DEVICE_FAMILY = "1,2";
				TEST_TARGET_NAME = "RxSwift Demo";
			};
			name = Release;
		};
/* End XCBuildConfiguration section */

/* Begin XCConfigurationList section */
		F668F67F2747A516004214E1 /* Build configuration list for PBXProject "RxSwift Demo" */ = {
			isa = XCConfigurationList;
			buildConfigurations = (
				F668F6AC2747A51B004214E1 /* Debug */,
				F668F6AD2747A51B004214E1 /* Release */,
			);
			defaultConfigurationIsVisible = 0;
			defaultConfigurationName = Release;
		};
		F668F6AE2747A51B004214E1 /* Build configuration list for PBXNativeTarget "RxSwift Demo" */ = {
			isa = XCConfigurationList;
			buildConfigurations = (
				F668F6AF2747A51B004214E1 /* Debug */,
				F668F6B02747A51B004214E1 /* Release */,
			);
			defaultConfigurationIsVisible = 0;
			defaultConfigurationName = Release;
		};
		F668F6B12747A51B004214E1 /* Build configuration list for PBXNativeTarget "RxSwift DemoTests" */ = {
			isa = XCConfigurationList;
			buildConfigurations = (
				F668F6B22747A51B004214E1 /* Debug */,
				F668F6B32747A51B004214E1 /* Release */,
			);
			defaultConfigurationIsVisible = 0;
			defaultConfigurationName = Release;
		};
		F668F6B42747A51B004214E1 /* Build configuration list for PBXNativeTarget "RxSwift DemoUITests" */ = {
			isa = XCConfigurationList;
			buildConfigurations = (
				F668F6B52747A51B004214E1 /* Debug */,
				F668F6B62747A51B004214E1 /* Release */,
			);
			defaultConfigurationIsVisible = 0;
			defaultConfigurationName = Release;
		};
/* End XCConfigurationList section */

/* Begin XCRemoteSwiftPackageReference section */
		F6F783DE2749FAEC00420F2C /* XCRemoteSwiftPackageReference "RxSwift" */ = {
			isa = XCRemoteSwiftPackageReference;
			repositoryURL = "https://github.com/ReactiveX/RxSwift.git";
			requirement = {
				kind = upToNextMajorVersion;
				minimumVersion = 6.0.0;
			};
		};
/* End XCRemoteSwiftPackageReference section */

/* Begin XCSwiftPackageProductDependency section */
		F6F783DF2749FAEC00420F2C /* RxCocoa */ = {
			isa = XCSwiftPackageProductDependency;
			package = F6F783DE2749FAEC00420F2C /* XCRemoteSwiftPackageReference "RxSwift" */;
			productName = RxCocoa;
		};
		F6F783E12749FAEC00420F2C /* RxSwift */ = {
			isa = XCSwiftPackageProductDependency;
			package = F6F783DE2749FAEC00420F2C /* XCRemoteSwiftPackageReference "RxSwift" */;
			productName = RxSwift;
		};
/* End XCSwiftPackageProductDependency section */
	};
	rootObject = F668F67C2747A516004214E1 /* Project object */;
}
